
Microsoft Visual Studio Solution File, Format Version 12.00
# Visual Studio Version 16
VisualStudioVersion = 16.0.31129.286
MinimumVisualStudioVersion = 10.0.40219.1
Project("{FAE04EC0-301F-11D3-BF4B-00C04F79EFBC}") = "FireFox", "FireFox\FireFox.csproj", "{83085AF7-588F-4E27-ABE3-2886EF3473E8}"
EndProject
Global
	GlobalSection(SolutionConfigurationPlatforms) = preSolution
		Debug|Any CPU = Debug|Any CPU
		Release|Any CPU = Release|Any CPU
	EndGlobalSection
	GlobalSection(ProjectConfigurationPlatforms) = postSolution
		{83085AF7-588F-4E27-ABE3-2886EF3473E8}.Debug|Any CPU.ActiveCfg = Debug|Any CPU
		{83085AF7-588F-4E27-ABE3-2886EF3473E8}.Debug|Any CPU.Build.0 = Debug|Any CPU
		{83085AF7-588F-4E27-ABE3-2886EF3473E8}.Release|Any CPU.ActiveCfg = Release|Any CPU
		{83085AF7-588F-4E27-ABE3-2886EF3473E8}.Release|Any CPU.Build.0 = Release|Any CPU
	EndGlobalSection
	GlobalSection(SolutionProperties) = preSolution
		HideSolutionNode = FALSE
	EndGlobalSection
	GlobalSection(ExtensibilityGlobals) = postSolution
		SolutionGuid = {59942CCA-D3D4-4074-85AB-EE0EEB66AA2D}
	EndGlobalSection
EndGlobal
